
Microsoft Visual Studio Solution File, Format Version 12.00
# Visual Studio Version 16
VisualStudioVersion = 16.0.31702.278
MinimumVisualStudioVersion = 10.0.40219.1
Project("{FAE04EC0-301F-11D3-BF4B-00C04F79EFBC}") = "NBitcoinConsoleApp", "src\NBitcoinConsoleApp\NBitcoinConsoleApp.csproj", "{9C302FD7-29AA-4C2D-884C-826DB84685E6}"
EndProject
Global
	GlobalSection(SolutionConfigurationPlatforms) = preSolution
		Debug|Any CPU = Debug|Any CPU
		Release|Any CPU = Release|Any CPU
	EndGlobalSection
	GlobalSection(ProjectConfigurationPlatforms) = postSolution
		{9C302FD7-29AA-4C2D-884C-826DB84685E6}.Debug|Any CPU.ActiveCfg = Debug|Any CPU
		{9C302FD7-29AA-4C2D-884C-826DB84685E6}.Debug|Any CPU.Build.0 = Debug|Any CPU
		{9C302FD7-29AA-4C2D-884C-826DB84685E6}.Release|Any CPU.ActiveCfg = Release|Any CPU
		{9C302FD7-29AA-4C2D-884C-826DB84685E6}.Release|Any CPU.Build.0 = Release|Any CPU
	EndGlobalSection
	GlobalSection(SolutionProperties) = preSolution
		HideSolutionNode = FALSE
	EndGlobalSection
	GlobalSection(ExtensibilityGlobals) = postSolution
		SolutionGuid = {38B5825F-F592-4D74-B8B1-A82C90D5D1B4}
	EndGlobalSection
EndGlobal
